
Microsoft Visual Studio Solution File, Format Version 12.00
# Visual Studio Version 16
VisualStudioVersion = 16.0.28407.52
MinimumVisualStudioVersion = 10.0.40219.1
Project("{9A19103F-16F7-4668-BE54-9A1E7A4F7556}") = "api.wujiangapp.com", "ApiGate\api.wujiangapp.com.csproj", "{34B6F2DD-7479-48EF-8B2D-BBF66717A3CD}"
EndProject
Global
	GlobalSection(SolutionConfigurationPlatforms) = preSolution
		Debug|Any CPU = Debug|Any CPU
		Release|Any CPU = Release|Any CPU
	EndGlobalSection
	GlobalSection(ProjectConfigurationPlatforms) = postSolution
		{34B6F2DD-7479-48EF-8B2D-BBF66717A3CD}.Debug|Any CPU.ActiveCfg = Debug|Any CPU
		{34B6F2DD-7479-48EF-8B2D-BBF66717A3CD}.Debug|Any CPU.Build.0 = Debug|Any CPU
		{34B6F2DD-7479-48EF-8B2D-BBF66717A3CD}.Release|Any CPU.ActiveCfg = Release|Any CPU
		{34B6F2DD-7479-48EF-8B2D-BBF66717A3CD}.Release|Any CPU.Build.0 = Release|Any CPU
	EndGlobalSection
	GlobalSection(SolutionProperties) = preSolution
		HideSolutionNode = FALSE
	EndGlobalSection
	GlobalSection(ExtensibilityGlobals) = postSolution
		SolutionGuid = {0780944E-FA69-455C-AB5D-5A987A931271}
	EndGlobalSection
EndGlobal
