
Microsoft Visual Studio Solution File, Format Version 12.00
# Visual Studio Version 16
VisualStudioVersion = 16.0.29020.237
MinimumVisualStudioVersion = 10.0.40219.1
Project("{9A19103F-16F7-4668-BE54-9A1E7A4F7556}") = "TT.SoMall.Domain", "src\TT.SoMall.Domain\TT.SoMall.Domain.csproj", "{554AD327-6DBA-4F8F-96F8-81CE7A0C863F}"
EndProject
Project("{9A19103F-16F7-4668-BE54-9A1E7A4F7556}") = "TT.SoMall.Application", "src\TT.SoMall.Application\TT.SoMall.Application.csproj", "{1A94A50E-06DC-43C1-80B5-B662820EC3EB}"
EndProject
Project("{9A19103F-16F7-4668-BE54-9A1E7A4F7556}") = "TT.SoMall.EntityFrameworkCore", "src\TT.SoMall.EntityFrameworkCore\TT.SoMall.EntityFrameworkCore.csproj", "{C956DD76-69C8-4A9C-83EA-D17DF83340FD}"
EndProject
Project("{2150E333-8FDC-42A3-9474-1A3956D46DE8}") = "src", "src", "{CA9AC87F-097E-4F15-8393-4BC07735A5B0}"
EndProject
Project("{2150E333-8FDC-42A3-9474-1A3956D46DE8}") = "test", "test", "{04DBDB01-70F4-4E06-B468-8F87850B22BE}"
EndProject
Project("{9A19103F-16F7-4668-BE54-9A1E7A4F7556}") = "TT.SoMall.Application.Tests", "test\TT.SoMall.Application.Tests\TT.SoMall.Application.Tests.csproj", "{50B2631D-129C-47B3-A587-029CCD6099BC}"
EndProject
Project("{9A19103F-16F7-4668-BE54-9A1E7A4F7556}") = "TT.SoMall.EntityFrameworkCore.DbMigrations", "src\TT.SoMall.EntityFrameworkCore.DbMigrations\TT.SoMall.EntityFrameworkCore.DbMigrations.csproj", "{0372FA84-C517-4EB3-9A9F-B9ACAC0CA5E0}"
EndProject
Project("{9A19103F-16F7-4668-BE54-9A1E7A4F7556}") = "TT.SoMall.Domain.Shared", "src\TT.SoMall.Domain.Shared\TT.SoMall.Domain.Shared.csproj", "{42F719ED-8413-4895-B5B4-5AB56079BC66}"
EndProject
Project("{9A19103F-16F7-4668-BE54-9A1E7A4F7556}") = "TT.SoMall.Application.Contracts", "src\TT.SoMall.Application.Contracts\TT.SoMall.Application.Contracts.csproj", "{520659C8-C734-4298-A3DA-B539DB9DFC0B}"
EndProject
Project("{9A19103F-16F7-4668-BE54-9A1E7A4F7556}") = "TT.SoMall.HttpApi", "src\TT.SoMall.HttpApi\TT.SoMall.HttpApi.csproj", "{4164BDF7-F527-4E85-9CE6-E3C2D7426A27}"
EndProject
Project("{9A19103F-16F7-4668-BE54-9A1E7A4F7556}") = "TT.SoMall.HttpApi.Client", "src\TT.SoMall.HttpApi.Client\TT.SoMall.HttpApi.Client.csproj", "{3B5A0094-670D-4BB1-BFDD-61B88A8773DC}"
EndProject
Project("{9A19103F-16F7-4668-BE54-9A1E7A4F7556}") = "TT.SoMall.Web", "src\TT.SoMall.Web\TT.SoMall.Web.csproj", "{6FE54035-9C11-4702-A5E2-D16F23101468}"
EndProject
Project("{9A19103F-16F7-4668-BE54-9A1E7A4F7556}") = "TT.SoMall.IdentityServer", "src\TT.SoMall.IdentityServer\TT.SoMall.IdentityServer.csproj", "{073C361E-B8F4-49F5-93CC-72A3FF49C026}"
EndProject
Project("{9A19103F-16F7-4668-BE54-9A1E7A4F7556}") = "TT.SoMall.HttpApi.Host", "src\TT.SoMall.HttpApi.Host\TT.SoMall.HttpApi.Host.csproj", "{E6D5BF0E-DE92-4D82-A352-EF04B37CB11C}"
EndProject
Project("{9A19103F-16F7-4668-BE54-9A1E7A4F7556}") = "TT.SoMall.EntityFrameworkCore.Tests", "test\TT.SoMall.EntityFrameworkCore.Tests\TT.SoMall.EntityFrameworkCore.Tests.csproj", "{1FE30EB9-74A9-47F5-A9F6-7B1FAB672D81}"
EndProject
Project("{9A19103F-16F7-4668-BE54-9A1E7A4F7556}") = "TT.SoMall.TestBase", "test\TT.SoMall.TestBase\TT.SoMall.TestBase.csproj", "{91853F21-9CD9-4132-BC29-A7D5D84FFFE7}"
EndProject
Project("{9A19103F-16F7-4668-BE54-9A1E7A4F7556}") = "TT.SoMall.Domain.Tests", "test\TT.SoMall.Domain.Tests\TT.SoMall.Domain.Tests.csproj", "{E512F4D9-9375-480F-A2F6-A46509F9D824}"
EndProject
Project("{9A19103F-16F7-4668-BE54-9A1E7A4F7556}") = "TT.SoMall.DbMigrator", "src\TT.SoMall.DbMigrator\TT.SoMall.DbMigrator.csproj", "{AA94D832-1CCC-4715-95A9-A483F23A1A5D}"
EndProject
Project("{2150E333-8FDC-42A3-9474-1A3956D46DE8}") = "modules", "modules", "{6B55CB5D-72E2-4AB1-844C-227E2C2934DA}"
EndProject
Project("{9A19103F-16F7-4668-BE54-9A1E7A4F7556}") = "TT.Abp.Shops", "modules\TT.Abp.Shops\TT.Abp.Shops.csproj", "{D9204363-35E8-4400-BFC4-4700105AFBC7}"
EndProject
Project("{9A19103F-16F7-4668-BE54-9A1E7A4F7556}") = "TT.Abp.OssManagement", "modules\TT.Abp.OssManagement\TT.Abp.OssManagement.csproj", "{7CFCDAA2-B321-4260-A603-1268E3FEF27A}"
EndProject
Project("{9A19103F-16F7-4668-BE54-9A1E7A4F7556}") = "TT.Core", "modules\TT.Core\TT.Core.csproj", "{B6DCCB30-EB9D-476E-9D7D-A57782C2B1CB}"
EndProject
Project("{2150E333-8FDC-42A3-9474-1A3956D46DE8}") = "Lib", "Lib", "{3822D417-4A42-436D-B81E-8CF5517BE161}"
EndProject
Project("{9A19103F-16F7-4668-BE54-9A1E7A4F7556}") = "TT.Abp.FormManagement", "modules\TT.Abp.FormManagement\TT.Abp.FormManagement.csproj", "{7A73ED08-BA3C-4E6B-8DD6-972E5D80A48E}"
EndProject
Project("{9A19103F-16F7-4668-BE54-9A1E7A4F7556}") = "TT.Abp.VisitorManagement", "modules\TT.Abp.VisitorManagement\TT.Abp.VisitorManagement.csproj", "{EE8638FC-6C61-43EC-B335-5A5368328751}"
EndProject
Project("{9A19103F-16F7-4668-BE54-9A1E7A4F7556}") = "TT.Abp.Weixin", "modules\TT.Abp.Weixin\TT.Abp.Weixin.csproj", "{94F0E29F-6762-4244-AB42-BC8BBD30F3B4}"
EndProject
Project("{2150E333-8FDC-42A3-9474-1A3956D46DE8}") = "httpClient_modules", "httpClient_modules", "{BD097154-4B9C-4867-B154-4739E8A96DBB}"
EndProject
Project("{9A19103F-16F7-4668-BE54-9A1E7A4F7556}") = "TT.HttpClient.Weixin", "http_modules\TT.HttpClient.Weixin\TT.HttpClient.Weixin.csproj", "{6B4D1543-D8B7-4551-AE50-CA048D18AB4C}"
EndProject
Project("{2150E333-8FDC-42A3-9474-1A3956D46DE8}") = "host_gateways", "host_gateways", "{44EEB9F6-B409-470E-A95A-E5F5F6CDEDC6}"
EndProject
Project("{9A19103F-16F7-4668-BE54-9A1E7A4F7556}") = "TT.Demo.Host", "host_gateways\TT.Demo.Host\TT.Demo.Host.csproj", "{D0A4CF65-2AA3-484A-B853-ADC37999B66F}"
EndProject
Project("{9A19103F-16F7-4668-BE54-9A1E7A4F7556}") = "TT.Abp.Mall", "modules\TT.Abp.Mall\TT.Abp.Mall.csproj", "{8891565C-1100-4B77-BEFF-16F58B3ABD88}"
EndProject
Project("{9A19103F-16F7-4668-BE54-9A1E7A4F7556}") = "TT.Abp.Modules.Tests", "test\TT.Abp.Modules.Tests\TT.Abp.Modules.Tests.csproj", "{B266681B-5A27-43BB-9BD3-CC10993C2D8A}"
EndProject
Project("{9A19103F-16F7-4668-BE54-9A1E7A4F7556}") = "TT.Abp.Core", "modules\TT.Abp.Core\TT.Abp.Core.csproj", "{FA8A2E33-676B-4BFD-A615-476185165AF7}"
EndProject
Project("{9A19103F-16F7-4668-BE54-9A1E7A4F7556}") = "TT.Abp.AccountManagement", "modules\TT.Abp.AccountManagement\TT.Abp.AccountManagement.csproj", "{3CC5F622-8755-4800-918D-15267E80AD47}"
EndProject
Project("{9A19103F-16F7-4668-BE54-9A1E7A4F7556}") = "TT.Abp.AppManagement", "modules\TT.Abp.AppManagement\TT.Abp.AppManagement.csproj", "{E8BDFF2D-CCD0-40E5-A791-2283E355D794}"
EndProject
Project("{9A19103F-16F7-4668-BE54-9A1E7A4F7556}") = "TT.Abp.Cms", "modules\TT.Abp.Cms\TT.Abp.Cms.csproj", "{199423D3-56F2-4BFF-805F-A2C193F8C916}"
EndProject
Project("{9A19103F-16F7-4668-BE54-9A1E7A4F7556}") = "TT.Abp.AuditManagement", "modules\TT.Abp.Audit\TT.Abp.AuditManagement.csproj", "{9C67424B-30A8-4A21-815F-8CCC56067E72}"
EndProject
Project("{9A19103F-16F7-4668-BE54-9A1E7A4F7556}") = "TT.RabbitMq", "TT.RabbitMq\TT.RabbitMq.csproj", "{B7CF64FB-5583-4D0B-AE32-E630719A1458}"
EndProject
Global
	GlobalSection(SolutionConfigurationPlatforms) = preSolution
		Debug|Any CPU = Debug|Any CPU
		Release|Any CPU = Release|Any CPU
	EndGlobalSection
	GlobalSection(ProjectConfigurationPlatforms) = postSolution
		{554AD327-6DBA-4F8F-96F8-81CE7A0C863F}.Debug|Any CPU.ActiveCfg = Debug|Any CPU
		{554AD327-6DBA-4F8F-96F8-81CE7A0C863F}.Debug|Any CPU.Build.0 = Debug|Any CPU
		{554AD327-6DBA-4F8F-96F8-81CE7A0C863F}.Release|Any CPU.ActiveCfg = Release|Any CPU
		{554AD327-6DBA-4F8F-96F8-81CE7A0C863F}.Release|Any CPU.Build.0 = Release|Any CPU
		{1A94A50E-06DC-43C1-80B5-B662820EC3EB}.Debug|Any CPU.ActiveCfg = Debug|Any CPU
		{1A94A50E-06DC-43C1-80B5-B662820EC3EB}.Debug|Any CPU.Build.0 = Debug|Any CPU
		{1A94A50E-06DC-43C1-80B5-B662820EC3EB}.Release|Any CPU.ActiveCfg = Release|Any CPU
		{1A94A50E-06DC-43C1-80B5-B662820EC3EB}.Release|Any CPU.Build.0 = Release|Any CPU
		{C956DD76-69C8-4A9C-83EA-D17DF83340FD}.Debug|Any CPU.ActiveCfg = Debug|Any CPU
		{C956DD76-69C8-4A9C-83EA-D17DF83340FD}.Debug|Any CPU.Build.0 = Debug|Any CPU
		{C956DD76-69C8-4A9C-83EA-D17DF83340FD}.Release|Any CPU.ActiveCfg = Release|Any CPU
		{C956DD76-69C8-4A9C-83EA-D17DF83340FD}.Release|Any CPU.Build.0 = Release|Any CPU
		{50B2631D-129C-47B3-A587-029CCD6099BC}.Debug|Any CPU.ActiveCfg = Debug|Any CPU
		{50B2631D-129C-47B3-A587-029CCD6099BC}.Debug|Any CPU.Build.0 = Debug|Any CPU
		{50B2631D-129C-47B3-A587-029CCD6099BC}.Release|Any CPU.ActiveCfg = Release|Any CPU
		{50B2631D-129C-47B3-A587-029CCD6099BC}.Release|Any CPU.Build.0 = Release|Any CPU
		{0372FA84-C517-4EB3-9A9F-B9ACAC0CA5E0}.Debug|Any CPU.ActiveCfg = Debug|Any CPU
		{0372FA84-C517-4EB3-9A9F-B9ACAC0CA5E0}.Debug|Any CPU.Build.0 = Debug|Any CPU
		{0372FA84-C517-4EB3-9A9F-B9ACAC0CA5E0}.Release|Any CPU.ActiveCfg = Release|Any CPU
		{0372FA84-C517-4EB3-9A9F-B9ACAC0CA5E0}.Release|Any CPU.Build.0 = Release|Any CPU
		{42F719ED-8413-4895-B5B4-5AB56079BC66}.Debug|Any CPU.ActiveCfg = Debug|Any CPU
		{42F719ED-8413-4895-B5B4-5AB56079BC66}.Debug|Any CPU.Build.0 = Debug|Any CPU
		{42F719ED-8413-4895-B5B4-5AB56079BC66}.Release|Any CPU.ActiveCfg = Release|Any CPU
		{42F719ED-8413-4895-B5B4-5AB56079BC66}.Release|Any CPU.Build.0 = Release|Any CPU
		{520659C8-C734-4298-A3DA-B539DB9DFC0B}.Debug|Any CPU.ActiveCfg = Debug|Any CPU
		{520659C8-C734-4298-A3DA-B539DB9DFC0B}.Debug|Any CPU.Build.0 = Debug|Any CPU
		{520659C8-C734-4298-A3DA-B539DB9DFC0B}.Release|Any CPU.ActiveCfg = Release|Any CPU
		{520659C8-C734-4298-A3DA-B539DB9DFC0B}.Release|Any CPU.Build.0 = Release|Any CPU
		{4164BDF7-F527-4E85-9CE6-E3C2D7426A27}.Debug|Any CPU.ActiveCfg = Debug|Any CPU
		{4164BDF7-F527-4E85-9CE6-E3C2D7426A27}.Debug|Any CPU.Build.0 = Debug|Any CPU
		{4164BDF7-F527-4E85-9CE6-E3C2D7426A27}.Release|Any CPU.ActiveCfg = Release|Any CPU
		{4164BDF7-F527-4E85-9CE6-E3C2D7426A27}.Release|Any CPU.Build.0 = Release|Any CPU
		{3B5A0094-670D-4BB1-BFDD-61B88A8773DC}.Debug|Any CPU.ActiveCfg = Debug|Any CPU
		{3B5A0094-670D-4BB1-BFDD-61B88A8773DC}.Debug|Any CPU.Build.0 = Debug|Any CPU
		{3B5A0094-670D-4BB1-BFDD-61B88A8773DC}.Release|Any CPU.ActiveCfg = Release|Any CPU
		{3B5A0094-670D-4BB1-BFDD-61B88A8773DC}.Release|Any CPU.Build.0 = Release|Any CPU
		{6FE54035-9C11-4702-A5E2-D16F23101468}.Debug|Any CPU.ActiveCfg = Debug|Any CPU
		{6FE54035-9C11-4702-A5E2-D16F23101468}.Debug|Any CPU.Build.0 = Debug|Any CPU
		{6FE54035-9C11-4702-A5E2-D16F23101468}.Release|Any CPU.ActiveCfg = Release|Any CPU
		{6FE54035-9C11-4702-A5E2-D16F23101468}.Release|Any CPU.Build.0 = Release|Any CPU
		{073C361E-B8F4-49F5-93CC-72A3FF49C026}.Debug|Any CPU.ActiveCfg = Debug|Any CPU
		{073C361E-B8F4-49F5-93CC-72A3FF49C026}.Debug|Any CPU.Build.0 = Debug|Any CPU
		{073C361E-B8F4-49F5-93CC-72A3FF49C026}.Release|Any CPU.ActiveCfg = Release|Any CPU
		{073C361E-B8F4-49F5-93CC-72A3FF49C026}.Release|Any CPU.Build.0 = Release|Any CPU
		{E6D5BF0E-DE92-4D82-A352-EF04B37CB11C}.Debug|Any CPU.ActiveCfg = Debug|Any CPU
		{E6D5BF0E-DE92-4D82-A352-EF04B37CB11C}.Debug|Any CPU.Build.0 = Debug|Any CPU
		{E6D5BF0E-DE92-4D82-A352-EF04B37CB11C}.Release|Any CPU.ActiveCfg = Release|Any CPU
		{E6D5BF0E-DE92-4D82-A352-EF04B37CB11C}.Release|Any CPU.Build.0 = Release|Any CPU
		{1FE30EB9-74A9-47F5-A9F6-7B1FAB672D81}.Debug|Any CPU.ActiveCfg = Debug|Any CPU
		{1FE30EB9-74A9-47F5-A9F6-7B1FAB672D81}.Debug|Any CPU.Build.0 = Debug|Any CPU
		{1FE30EB9-74A9-47F5-A9F6-7B1FAB672D81}.Release|Any CPU.ActiveCfg = Release|Any CPU
		{1FE30EB9-74A9-47F5-A9F6-7B1FAB672D81}.Release|Any CPU.Build.0 = Release|Any CPU
		{91853F21-9CD9-4132-BC29-A7D5D84FFFE7}.Debug|Any CPU.ActiveCfg = Debug|Any CPU
		{91853F21-9CD9-4132-BC29-A7D5D84FFFE7}.Debug|Any CPU.Build.0 = Debug|Any CPU
		{91853F21-9CD9-4132-BC29-A7D5D84FFFE7}.Release|Any CPU.ActiveCfg = Release|Any CPU
		{91853F21-9CD9-4132-BC29-A7D5D84FFFE7}.Release|Any CPU.Build.0 = Release|Any CPU
		{E512F4D9-9375-480F-A2F6-A46509F9D824}.Debug|Any CPU.ActiveCfg = Debug|Any CPU
		{E512F4D9-9375-480F-A2F6-A46509F9D824}.Debug|Any CPU.Build.0 = Debug|Any CPU
		{E512F4D9-9375-480F-A2F6-A46509F9D824}.Release|Any CPU.ActiveCfg = Release|Any CPU
		{E512F4D9-9375-480F-A2F6-A46509F9D824}.Release|Any CPU.Build.0 = Release|Any CPU
		{AA94D832-1CCC-4715-95A9-A483F23A1A5D}.Debug|Any CPU.ActiveCfg = Debug|Any CPU
		{AA94D832-1CCC-4715-95A9-A483F23A1A5D}.Debug|Any CPU.Build.0 = Debug|Any CPU
		{AA94D832-1CCC-4715-95A9-A483F23A1A5D}.Release|Any CPU.ActiveCfg = Release|Any CPU
		{AA94D832-1CCC-4715-95A9-A483F23A1A5D}.Release|Any CPU.Build.0 = Release|Any CPU
		{D9204363-35E8-4400-BFC4-4700105AFBC7}.Debug|Any CPU.ActiveCfg = Debug|Any CPU
		{D9204363-35E8-4400-BFC4-4700105AFBC7}.Debug|Any CPU.Build.0 = Debug|Any CPU
		{D9204363-35E8-4400-BFC4-4700105AFBC7}.Release|Any CPU.ActiveCfg = Release|Any CPU
		{D9204363-35E8-4400-BFC4-4700105AFBC7}.Release|Any CPU.Build.0 = Release|Any CPU
		{7CFCDAA2-B321-4260-A603-1268E3FEF27A}.Debug|Any CPU.ActiveCfg = Debug|Any CPU
		{7CFCDAA2-B321-4260-A603-1268E3FEF27A}.Debug|Any CPU.Build.0 = Debug|Any CPU
		{7CFCDAA2-B321-4260-A603-1268E3FEF27A}.Release|Any CPU.ActiveCfg = Release|Any CPU
		{7CFCDAA2-B321-4260-A603-1268E3FEF27A}.Release|Any CPU.Build.0 = Release|Any CPU
		{B6DCCB30-EB9D-476E-9D7D-A57782C2B1CB}.Debug|Any CPU.ActiveCfg = Debug|Any CPU
		{B6DCCB30-EB9D-476E-9D7D-A57782C2B1CB}.Debug|Any CPU.Build.0 = Debug|Any CPU
		{B6DCCB30-EB9D-476E-9D7D-A57782C2B1CB}.Release|Any CPU.ActiveCfg = Release|Any CPU
		{B6DCCB30-EB9D-476E-9D7D-A57782C2B1CB}.Release|Any CPU.Build.0 = Release|Any CPU
		{7A73ED08-BA3C-4E6B-8DD6-972E5D80A48E}.Debug|Any CPU.ActiveCfg = Debug|Any CPU
		{7A73ED08-BA3C-4E6B-8DD6-972E5D80A48E}.Debug|Any CPU.Build.0 = Debug|Any CPU
		{7A73ED08-BA3C-4E6B-8DD6-972E5D80A48E}.Release|Any CPU.ActiveCfg = Release|Any CPU
		{7A73ED08-BA3C-4E6B-8DD6-972E5D80A48E}.Release|Any CPU.Build.0 = Release|Any CPU
		{EE8638FC-6C61-43EC-B335-5A5368328751}.Debug|Any CPU.ActiveCfg = Debug|Any CPU
		{EE8638FC-6C61-43EC-B335-5A5368328751}.Debug|Any CPU.Build.0 = Debug|Any CPU
		{EE8638FC-6C61-43EC-B335-5A5368328751}.Release|Any CPU.ActiveCfg = Release|Any CPU
		{EE8638FC-6C61-43EC-B335-5A5368328751}.Release|Any CPU.Build.0 = Release|Any CPU
		{94F0E29F-6762-4244-AB42-BC8BBD30F3B4}.Debug|Any CPU.ActiveCfg = Debug|Any CPU
		{94F0E29F-6762-4244-AB42-BC8BBD30F3B4}.Debug|Any CPU.Build.0 = Debug|Any CPU
		{94F0E29F-6762-4244-AB42-BC8BBD30F3B4}.Release|Any CPU.ActiveCfg = Release|Any CPU
		{94F0E29F-6762-4244-AB42-BC8BBD30F3B4}.Release|Any CPU.Build.0 = Release|Any CPU
		{6B4D1543-D8B7-4551-AE50-CA048D18AB4C}.Debug|Any CPU.ActiveCfg = Debug|Any CPU
		{6B4D1543-D8B7-4551-AE50-CA048D18AB4C}.Debug|Any CPU.Build.0 = Debug|Any CPU
		{6B4D1543-D8B7-4551-AE50-CA048D18AB4C}.Release|Any CPU.ActiveCfg = Release|Any CPU
		{6B4D1543-D8B7-4551-AE50-CA048D18AB4C}.Release|Any CPU.Build.0 = Release|Any CPU
		{D0A4CF65-2AA3-484A-B853-ADC37999B66F}.Debug|Any CPU.ActiveCfg = Debug|Any CPU
		{D0A4CF65-2AA3-484A-B853-ADC37999B66F}.Debug|Any CPU.Build.0 = Debug|Any CPU
		{D0A4CF65-2AA3-484A-B853-ADC37999B66F}.Release|Any CPU.ActiveCfg = Release|Any CPU
		{D0A4CF65-2AA3-484A-B853-ADC37999B66F}.Release|Any CPU.Build.0 = Release|Any CPU
		{8891565C-1100-4B77-BEFF-16F58B3ABD88}.Debug|Any CPU.ActiveCfg = Debug|Any CPU
		{8891565C-1100-4B77-BEFF-16F58B3ABD88}.Debug|Any CPU.Build.0 = Debug|Any CPU
		{8891565C-1100-4B77-BEFF-16F58B3ABD88}.Release|Any CPU.ActiveCfg = Release|Any CPU
		{8891565C-1100-4B77-BEFF-16F58B3ABD88}.Release|Any CPU.Build.0 = Release|Any CPU
		{B266681B-5A27-43BB-9BD3-CC10993C2D8A}.Debug|Any CPU.ActiveCfg = Debug|Any CPU
		{B266681B-5A27-43BB-9BD3-CC10993C2D8A}.Debug|Any CPU.Build.0 = Debug|Any CPU
		{B266681B-5A27-43BB-9BD3-CC10993C2D8A}.Release|Any CPU.ActiveCfg = Release|Any CPU
		{B266681B-5A27-43BB-9BD3-CC10993C2D8A}.Release|Any CPU.Build.0 = Release|Any CPU
		{FA8A2E33-676B-4BFD-A615-476185165AF7}.Debug|Any CPU.ActiveCfg = Debug|Any CPU
		{FA8A2E33-676B-4BFD-A615-476185165AF7}.Debug|Any CPU.Build.0 = Debug|Any CPU
		{FA8A2E33-676B-4BFD-A615-476185165AF7}.Release|Any CPU.ActiveCfg = Release|Any CPU
		{FA8A2E33-676B-4BFD-A615-476185165AF7}.Release|Any CPU.Build.0 = Release|Any CPU
		{3CC5F622-8755-4800-918D-15267E80AD47}.Debug|Any CPU.ActiveCfg = Debug|Any CPU
		{3CC5F622-8755-4800-918D-15267E80AD47}.Debug|Any CPU.Build.0 = Debug|Any CPU
		{3CC5F622-8755-4800-918D-15267E80AD47}.Release|Any CPU.ActiveCfg = Release|Any CPU
		{3CC5F622-8755-4800-918D-15267E80AD47}.Release|Any CPU.Build.0 = Release|Any CPU
		{E8BDFF2D-CCD0-40E5-A791-2283E355D794}.Debug|Any CPU.ActiveCfg = Debug|Any CPU
		{E8BDFF2D-CCD0-40E5-A791-2283E355D794}.Debug|Any CPU.Build.0 = Debug|Any CPU
		{E8BDFF2D-CCD0-40E5-A791-2283E355D794}.Release|Any CPU.ActiveCfg = Release|Any CPU
		{E8BDFF2D-CCD0-40E5-A791-2283E355D794}.Release|Any CPU.Build.0 = Release|Any CPU
		{199423D3-56F2-4BFF-805F-A2C193F8C916}.Debug|Any CPU.ActiveCfg = Debug|Any CPU
		{199423D3-56F2-4BFF-805F-A2C193F8C916}.Debug|Any CPU.Build.0 = Debug|Any CPU
		{199423D3-56F2-4BFF-805F-A2C193F8C916}.Release|Any CPU.ActiveCfg = Release|Any CPU
		{199423D3-56F2-4BFF-805F-A2C193F8C916}.Release|Any CPU.Build.0 = Release|Any CPU
		{9C67424B-30A8-4A21-815F-8CCC56067E72}.Debug|Any CPU.ActiveCfg = Debug|Any CPU
		{9C67424B-30A8-4A21-815F-8CCC56067E72}.Debug|Any CPU.Build.0 = Debug|Any CPU
		{9C67424B-30A8-4A21-815F-8CCC56067E72}.Release|Any CPU.ActiveCfg = Release|Any CPU
		{9C67424B-30A8-4A21-815F-8CCC56067E72}.Release|Any CPU.Build.0 = Release|Any CPU
		{B7CF64FB-5583-4D0B-AE32-E630719A1458}.Debug|Any CPU.ActiveCfg = Debug|Any CPU
		{B7CF64FB-5583-4D0B-AE32-E630719A1458}.Debug|Any CPU.Build.0 = Debug|Any CPU
		{B7CF64FB-5583-4D0B-AE32-E630719A1458}.Release|Any CPU.ActiveCfg = Release|Any CPU
		{B7CF64FB-5583-4D0B-AE32-E630719A1458}.Release|Any CPU.Build.0 = Release|Any CPU
	EndGlobalSection
	GlobalSection(SolutionProperties) = preSolution
		HideSolutionNode = FALSE
	EndGlobalSection
	GlobalSection(NestedProjects) = preSolution
		{554AD327-6DBA-4F8F-96F8-81CE7A0C863F} = {CA9AC87F-097E-4F15-8393-4BC07735A5B0}
		{1A94A50E-06DC-43C1-80B5-B662820EC3EB} = {CA9AC87F-097E-4F15-8393-4BC07735A5B0}
		{C956DD76-69C8-4A9C-83EA-D17DF83340FD} = {CA9AC87F-097E-4F15-8393-4BC07735A5B0}
		{50B2631D-129C-47B3-A587-029CCD6099BC} = {04DBDB01-70F4-4E06-B468-8F87850B22BE}
		{0372FA84-C517-4EB3-9A9F-B9ACAC0CA5E0} = {CA9AC87F-097E-4F15-8393-4BC07735A5B0}
		{42F719ED-8413-4895-B5B4-5AB56079BC66} = {CA9AC87F-097E-4F15-8393-4BC07735A5B0}
		{520659C8-C734-4298-A3DA-B539DB9DFC0B} = {CA9AC87F-097E-4F15-8393-4BC07735A5B0}
		{4164BDF7-F527-4E85-9CE6-E3C2D7426A27} = {CA9AC87F-097E-4F15-8393-4BC07735A5B0}
		{3B5A0094-670D-4BB1-BFDD-61B88A8773DC} = {CA9AC87F-097E-4F15-8393-4BC07735A5B0}
		{6FE54035-9C11-4702-A5E2-D16F23101468} = {CA9AC87F-097E-4F15-8393-4BC07735A5B0}
		{073C361E-B8F4-49F5-93CC-72A3FF49C026} = {CA9AC87F-097E-4F15-8393-4BC07735A5B0}
		{E6D5BF0E-DE92-4D82-A352-EF04B37CB11C} = {CA9AC87F-097E-4F15-8393-4BC07735A5B0}
		{1FE30EB9-74A9-47F5-A9F6-7B1FAB672D81} = {04DBDB01-70F4-4E06-B468-8F87850B22BE}
		{91853F21-9CD9-4132-BC29-A7D5D84FFFE7} = {04DBDB01-70F4-4E06-B468-8F87850B22BE}
		{E512F4D9-9375-480F-A2F6-A46509F9D824} = {04DBDB01-70F4-4E06-B468-8F87850B22BE}
		{AA94D832-1CCC-4715-95A9-A483F23A1A5D} = {CA9AC87F-097E-4F15-8393-4BC07735A5B0}
		{D9204363-35E8-4400-BFC4-4700105AFBC7} = {6B55CB5D-72E2-4AB1-844C-227E2C2934DA}
		{7CFCDAA2-B321-4260-A603-1268E3FEF27A} = {6B55CB5D-72E2-4AB1-844C-227E2C2934DA}
		{B6DCCB30-EB9D-476E-9D7D-A57782C2B1CB} = {3822D417-4A42-436D-B81E-8CF5517BE161}
		{7A73ED08-BA3C-4E6B-8DD6-972E5D80A48E} = {6B55CB5D-72E2-4AB1-844C-227E2C2934DA}
		{EE8638FC-6C61-43EC-B335-5A5368328751} = {6B55CB5D-72E2-4AB1-844C-227E2C2934DA}
		{94F0E29F-6762-4244-AB42-BC8BBD30F3B4} = {6B55CB5D-72E2-4AB1-844C-227E2C2934DA}
		{6B4D1543-D8B7-4551-AE50-CA048D18AB4C} = {BD097154-4B9C-4867-B154-4739E8A96DBB}
		{D0A4CF65-2AA3-484A-B853-ADC37999B66F} = {44EEB9F6-B409-470E-A95A-E5F5F6CDEDC6}
		{8891565C-1100-4B77-BEFF-16F58B3ABD88} = {6B55CB5D-72E2-4AB1-844C-227E2C2934DA}
		{B266681B-5A27-43BB-9BD3-CC10993C2D8A} = {04DBDB01-70F4-4E06-B468-8F87850B22BE}
		{FA8A2E33-676B-4BFD-A615-476185165AF7} = {6B55CB5D-72E2-4AB1-844C-227E2C2934DA}
		{3CC5F622-8755-4800-918D-15267E80AD47} = {6B55CB5D-72E2-4AB1-844C-227E2C2934DA}
		{E8BDFF2D-CCD0-40E5-A791-2283E355D794} = {6B55CB5D-72E2-4AB1-844C-227E2C2934DA}
		{199423D3-56F2-4BFF-805F-A2C193F8C916} = {6B55CB5D-72E2-4AB1-844C-227E2C2934DA}
		{9C67424B-30A8-4A21-815F-8CCC56067E72} = {6B55CB5D-72E2-4AB1-844C-227E2C2934DA}
		{B7CF64FB-5583-4D0B-AE32-E630719A1458} = {3822D417-4A42-436D-B81E-8CF5517BE161}
	EndGlobalSection
	GlobalSection(ExtensibilityGlobals) = postSolution
		SolutionGuid = {28315BFD-90E7-4E14-A2EA-F3D23AF4126F}
	EndGlobalSection
EndGlobal
